
Microsoft Visual Studio Solution File, Format Version 12.00
# Visual Studio Version 17
VisualStudioVersion = 17.0.31903.59
MinimumVisualStudioVersion = 10.0.40219.1
Project("{9A19103F-16F7-4668-BE54-9A1E7A4F7556}") = "05-Struktury", "05-Struktury\05-Struktury.csproj", "{C599965A-101F-457F-B908-D378E18196CE}"
EndProject
Project("{9A19103F-16F7-4668-BE54-9A1E7A4F7556}") = "06-AplikacjaDlaStruktur", "06-AplikacjaDlaStruktur\06-AplikacjaDlaStruktur.csproj", "{D6C9EF04-820D-4371-8A62-294C834FCBE1}"
EndProject
Project("{9A19103F-16F7-4668-BE54-9A1E7A4F7556}") = "01-Wprowadzenie", "01-Wprowadzenie\01-Wprowadzenie.csproj", "{7314FED0-3CB9-447F-A613-5E6ED60FF8EC}"
EndProject
Project("{9A19103F-16F7-4668-BE54-9A1E7A4F7556}") = "02-TypyDanych1", "02-TypyDanych1\02-TypyDanych1.csproj", "{E7AF6D75-E5EF-42E8-9E8D-F9E28A8CF0C8}"
EndProject
Project("{9A19103F-16F7-4668-BE54-9A1E7A4F7556}") = "02-TypyDanych2", "02-TypyDanych2\02-TypyDanych2.csproj", "{02BBF8F3-556D-4AD3-A103-C4BAAF500A4C}"
EndProject
Project("{9A19103F-16F7-4668-BE54-9A1E7A4F7556}") = "02-TypyDanych3", "02-TypyDanych3\02-TypyDanych3.csproj", "{2004AD19-0241-4869-8E70-69A70B7AE437}"
EndProject
Project("{9A19103F-16F7-4668-BE54-9A1E7A4F7556}") = "02-TypyDanych4", "02-TypyDanych4\02-TypyDanych4.csproj", "{82185E8E-44E3-4316-A0D7-3683DE826B02}"
EndProject
Project("{9A19103F-16F7-4668-BE54-9A1E7A4F7556}") = "02-TypyDanych5", "02-TypyDanych5\02-TypyDanych5.csproj", "{62AE8526-1B7C-49BA-9A9D-3AE38E8B7D0F}"
EndProject
Project("{9A19103F-16F7-4668-BE54-9A1E7A4F7556}") = "02-TypyDanych6", "02-TypyDanych6\02-TypyDanych6.csproj", "{5013AF91-0713-489A-BA6E-374878ADDD53}"
EndProject
Project("{9A19103F-16F7-4668-BE54-9A1E7A4F7556}") = "02-TypyDanych7", "02-TypyDanych7\02-TypyDanych7.csproj", "{2B9F6C6A-C1B7-4F81-B246-CC3EF554F0E0}"
EndProject
Project("{9A19103F-16F7-4668-BE54-9A1E7A4F7556}") = "02-TypyDanych8", "02-TypyDanych8\02-TypyDanych8.csproj", "{AFDAFE8A-DE12-4D7C-98E8-9D55A212B7AE}"
EndProject
Project("{9A19103F-16F7-4668-BE54-9A1E7A4F7556}") = "03-ZmienneStaleMetody", "03-ZmienneStaleMetody\03-ZmienneStaleMetody.csproj", "{AF8A6111-6C48-435A-B242-E8FF1644B392}"
EndProject
Project("{9A19103F-16F7-4668-BE54-9A1E7A4F7556}") = "04-AplikacjaKonsolowa-01", "04-AplikacjaKonsolowa-01\04-AplikacjaKonsolowa-01.csproj", "{38467433-4707-4E68-8E17-B4E24AC279E0}"
EndProject
Project("{9A19103F-16F7-4668-BE54-9A1E7A4F7556}") = "04-AplikacjaKonsolowa-02", "04-AplikacjaKonsolowa-02\04-AplikacjaKonsolowa-02.csproj", "{F9AC2E57-7BD5-432F-ACCE-A2C765610461}"
EndProject
Project("{9A19103F-16F7-4668-BE54-9A1E7A4F7556}") = "07-AplikacjaDlaKlas", "07-AplikacjaDlaKlas\07-AplikacjaDlaKlas.csproj", "{AFF3905C-28FA-4B76-B751-B91C42C4A655}"
EndProject
Project("{9A19103F-16F7-4668-BE54-9A1E7A4F7556}") = "08-Kolekcje", "08-Kolekcje\08-Kolekcje.csproj", "{A3C34A60-DE22-400E-9046-EE977EB915EC}"
EndProject
Project("{9A19103F-16F7-4668-BE54-9A1E7A4F7556}") = "09-AplikacjaDlaKolekcji", "09-AplikacjaDlaKolekcji\09-AplikacjaDlaKolekcji.csproj", "{F1B1EF40-95C8-45A5-91EA-D3AB6B79EBD9}"
EndProject
Project("{FAE04EC0-301F-11D3-BF4B-00C04F79EFBC}") = "10-PlikiFolderyStrumienie", "10-PlikiFolderyStrumienie\10-PlikiFolderyStrumienie.csproj", "{C35A9D57-20F1-4B99-8549-D6DD5AEBE96F}"
EndProject
Global
	GlobalSection(SolutionConfigurationPlatforms) = preSolution
		Debug|Any CPU = Debug|Any CPU
		Release|Any CPU = Release|Any CPU
	EndGlobalSection
	GlobalSection(ProjectConfigurationPlatforms) = postSolution
		{C599965A-101F-457F-B908-D378E18196CE}.Debug|Any CPU.ActiveCfg = Debug|Any CPU
		{C599965A-101F-457F-B908-D378E18196CE}.Debug|Any CPU.Build.0 = Debug|Any CPU
		{C599965A-101F-457F-B908-D378E18196CE}.Release|Any CPU.ActiveCfg = Release|Any CPU
		{C599965A-101F-457F-B908-D378E18196CE}.Release|Any CPU.Build.0 = Release|Any CPU
		{D6C9EF04-820D-4371-8A62-294C834FCBE1}.Debug|Any CPU.ActiveCfg = Debug|Any CPU
		{D6C9EF04-820D-4371-8A62-294C834FCBE1}.Debug|Any CPU.Build.0 = Debug|Any CPU
		{D6C9EF04-820D-4371-8A62-294C834FCBE1}.Release|Any CPU.ActiveCfg = Release|Any CPU
		{D6C9EF04-820D-4371-8A62-294C834FCBE1}.Release|Any CPU.Build.0 = Release|Any CPU
		{7314FED0-3CB9-447F-A613-5E6ED60FF8EC}.Debug|Any CPU.ActiveCfg = Debug|Any CPU
		{7314FED0-3CB9-447F-A613-5E6ED60FF8EC}.Debug|Any CPU.Build.0 = Debug|Any CPU
		{7314FED0-3CB9-447F-A613-5E6ED60FF8EC}.Release|Any CPU.ActiveCfg = Release|Any CPU
		{7314FED0-3CB9-447F-A613-5E6ED60FF8EC}.Release|Any CPU.Build.0 = Release|Any CPU
		{E7AF6D75-E5EF-42E8-9E8D-F9E28A8CF0C8}.Debug|Any CPU.ActiveCfg = Debug|Any CPU
		{E7AF6D75-E5EF-42E8-9E8D-F9E28A8CF0C8}.Debug|Any CPU.Build.0 = Debug|Any CPU
		{E7AF6D75-E5EF-42E8-9E8D-F9E28A8CF0C8}.Release|Any CPU.ActiveCfg = Release|Any CPU
		{E7AF6D75-E5EF-42E8-9E8D-F9E28A8CF0C8}.Release|Any CPU.Build.0 = Release|Any CPU
		{02BBF8F3-556D-4AD3-A103-C4BAAF500A4C}.Debug|Any CPU.ActiveCfg = Debug|Any CPU
		{02BBF8F3-556D-4AD3-A103-C4BAAF500A4C}.Debug|Any CPU.Build.0 = Debug|Any CPU
		{02BBF8F3-556D-4AD3-A103-C4BAAF500A4C}.Release|Any CPU.ActiveCfg = Release|Any CPU
		{02BBF8F3-556D-4AD3-A103-C4BAAF500A4C}.Release|Any CPU.Build.0 = Release|Any CPU
		{2004AD19-0241-4869-8E70-69A70B7AE437}.Debug|Any CPU.ActiveCfg = Debug|Any CPU
		{2004AD19-0241-4869-8E70-69A70B7AE437}.Debug|Any CPU.Build.0 = Debug|Any CPU
		{2004AD19-0241-4869-8E70-69A70B7AE437}.Release|Any CPU.ActiveCfg = Release|Any CPU
		{2004AD19-0241-4869-8E70-69A70B7AE437}.Release|Any CPU.Build.0 = Release|Any CPU
		{82185E8E-44E3-4316-A0D7-3683DE826B02}.Debug|Any CPU.ActiveCfg = Debug|Any CPU
		{82185E8E-44E3-4316-A0D7-3683DE826B02}.Debug|Any CPU.Build.0 = Debug|Any CPU
		{82185E8E-44E3-4316-A0D7-3683DE826B02}.Release|Any CPU.ActiveCfg = Release|Any CPU
		{82185E8E-44E3-4316-A0D7-3683DE826B02}.Release|Any CPU.Build.0 = Release|Any CPU
		{62AE8526-1B7C-49BA-9A9D-3AE38E8B7D0F}.Debug|Any CPU.ActiveCfg = Debug|Any CPU
		{62AE8526-1B7C-49BA-9A9D-3AE38E8B7D0F}.Debug|Any CPU.Build.0 = Debug|Any CPU
		{62AE8526-1B7C-49BA-9A9D-3AE38E8B7D0F}.Release|Any CPU.ActiveCfg = Release|Any CPU
		{62AE8526-1B7C-49BA-9A9D-3AE38E8B7D0F}.Release|Any CPU.Build.0 = Release|Any CPU
		{5013AF91-0713-489A-BA6E-374878ADDD53}.Debug|Any CPU.ActiveCfg = Debug|Any CPU
		{5013AF91-0713-489A-BA6E-374878ADDD53}.Debug|Any CPU.Build.0 = Debug|Any CPU
		{5013AF91-0713-489A-BA6E-374878ADDD53}.Release|Any CPU.ActiveCfg = Release|Any CPU
		{5013AF91-0713-489A-BA6E-374878ADDD53}.Release|Any CPU.Build.0 = Release|Any CPU
		{2B9F6C6A-C1B7-4F81-B246-CC3EF554F0E0}.Debug|Any CPU.ActiveCfg = Debug|Any CPU
		{2B9F6C6A-C1B7-4F81-B246-CC3EF554F0E0}.Debug|Any CPU.Build.0 = Debug|Any CPU
		{2B9F6C6A-C1B7-4F81-B246-CC3EF554F0E0}.Release|Any CPU.ActiveCfg = Release|Any CPU
		{2B9F6C6A-C1B7-4F81-B246-CC3EF554F0E0}.Release|Any CPU.Build.0 = Release|Any CPU
		{AFDAFE8A-DE12-4D7C-98E8-9D55A212B7AE}.Debug|Any CPU.ActiveCfg = Debug|Any CPU
		{AFDAFE8A-DE12-4D7C-98E8-9D55A212B7AE}.Debug|Any CPU.Build.0 = Debug|Any CPU
		{AFDAFE8A-DE12-4D7C-98E8-9D55A212B7AE}.Release|Any CPU.ActiveCfg = Release|Any CPU
		{AFDAFE8A-DE12-4D7C-98E8-9D55A212B7AE}.Release|Any CPU.Build.0 = Release|Any CPU
		{AF8A6111-6C48-435A-B242-E8FF1644B392}.Debug|Any CPU.ActiveCfg = Debug|Any CPU
		{AF8A6111-6C48-435A-B242-E8FF1644B392}.Debug|Any CPU.Build.0 = Debug|Any CPU
		{AF8A6111-6C48-435A-B242-E8FF1644B392}.Release|Any CPU.ActiveCfg = Release|Any CPU
		{AF8A6111-6C48-435A-B242-E8FF1644B392}.Release|Any CPU.Build.0 = Release|Any CPU
		{38467433-4707-4E68-8E17-B4E24AC279E0}.Debug|Any CPU.ActiveCfg = Debug|Any CPU
		{38467433-4707-4E68-8E17-B4E24AC279E0}.Debug|Any CPU.Build.0 = Debug|Any CPU
		{38467433-4707-4E68-8E17-B4E24AC279E0}.Release|Any CPU.ActiveCfg = Release|Any CPU
		{38467433-4707-4E68-8E17-B4E24AC279E0}.Release|Any CPU.Build.0 = Release|Any CPU
		{F9AC2E57-7BD5-432F-ACCE-A2C765610461}.Debug|Any CPU.ActiveCfg = Debug|Any CPU
		{F9AC2E57-7BD5-432F-ACCE-A2C765610461}.Debug|Any CPU.Build.0 = Debug|Any CPU
		{F9AC2E57-7BD5-432F-ACCE-A2C765610461}.Release|Any CPU.ActiveCfg = Release|Any CPU
		{F9AC2E57-7BD5-432F-ACCE-A2C765610461}.Release|Any CPU.Build.0 = Release|Any CPU
		{AFF3905C-28FA-4B76-B751-B91C42C4A655}.Debug|Any CPU.ActiveCfg = Debug|Any CPU
		{AFF3905C-28FA-4B76-B751-B91C42C4A655}.Debug|Any CPU.Build.0 = Debug|Any CPU
		{AFF3905C-28FA-4B76-B751-B91C42C4A655}.Release|Any CPU.ActiveCfg = Release|Any CPU
		{AFF3905C-28FA-4B76-B751-B91C42C4A655}.Release|Any CPU.Build.0 = Release|Any CPU
		{A3C34A60-DE22-400E-9046-EE977EB915EC}.Debug|Any CPU.ActiveCfg = Debug|Any CPU
		{A3C34A60-DE22-400E-9046-EE977EB915EC}.Debug|Any CPU.Build.0 = Debug|Any CPU
		{A3C34A60-DE22-400E-9046-EE977EB915EC}.Release|Any CPU.ActiveCfg = Release|Any CPU
		{A3C34A60-DE22-400E-9046-EE977EB915EC}.Release|Any CPU.Build.0 = Release|Any CPU
		{F1B1EF40-95C8-45A5-91EA-D3AB6B79EBD9}.Debug|Any CPU.ActiveCfg = Debug|Any CPU
		{F1B1EF40-95C8-45A5-91EA-D3AB6B79EBD9}.Debug|Any CPU.Build.0 = Debug|Any CPU
		{F1B1EF40-95C8-45A5-91EA-D3AB6B79EBD9}.Release|Any CPU.ActiveCfg = Release|Any CPU
		{F1B1EF40-95C8-45A5-91EA-D3AB6B79EBD9}.Release|Any CPU.Build.0 = Release|Any CPU
		{C35A9D57-20F1-4B99-8549-D6DD5AEBE96F}.Debug|Any CPU.ActiveCfg = Debug|Any CPU
		{C35A9D57-20F1-4B99-8549-D6DD5AEBE96F}.Debug|Any CPU.Build.0 = Debug|Any CPU
		{C35A9D57-20F1-4B99-8549-D6DD5AEBE96F}.Release|Any CPU.ActiveCfg = Release|Any CPU
		{C35A9D57-20F1-4B99-8549-D6DD5AEBE96F}.Release|Any CPU.Build.0 = Release|Any CPU
	EndGlobalSection
	GlobalSection(SolutionProperties) = preSolution
		HideSolutionNode = FALSE
	EndGlobalSection
	GlobalSection(ExtensibilityGlobals) = postSolution
		SolutionGuid = {C81C0F03-DBCC-479D-B7DC-F5E4060BE7E8}
	EndGlobalSection
EndGlobal
